
Microsoft Visual Studio Solution File, Format Version 12.00
# Visual Studio Version 16
VisualStudioVersion = 16.0.32413.511
MinimumVisualStudioVersion = 10.0.40219.1
Project("{9A19103F-16F7-4668-BE54-9A1E7A4F7556}") = "ConsoleApp", "ConsoleApp\ConsoleApp.csproj", "{6E759D0D-073E-4387-A480-C3274992C4C7}"
EndProject
Project("{9A19103F-16F7-4668-BE54-9A1E7A4F7556}") = "CustomerLib", "CustomerLib\CustomerLib.csproj", "{F10B0755-6FC3-4211-96B9-328BE14B75A9}"
EndProject
Project("{9A19103F-16F7-4668-BE54-9A1E7A4F7556}") = "CustomerManagementApp", "CustomerManagementApp\CustomerManagementApp.csproj", "{99072D12-17E0-4400-89B1-7B9DECDAEC6C}"
EndProject
Project("{9A19103F-16F7-4668-BE54-9A1E7A4F7556}") = "CustomerManagementApp.Tests", "CustomerManagementApp.Tests\CustomerManagementApp.Tests.csproj", "{753B8B0F-C92E-4137-AC72-F0BCB80E78FE}"
EndProject
Project("{FAE04EC0-301F-11D3-BF4B-00C04F79EFBC}") = "MVVMSample001", "MVVMSample001\MVVMSample001.csproj", "{CD9CEC3F-FA6A-4763-BA9A-DAE159D77517}"
EndProject
Project("{FAE04EC0-301F-11D3-BF4B-00C04F79EFBC}") = "MVVMSample002", "MVVMSample002\MVVMSample002.csproj", "{A8BCCAFF-FE3B-4479-8C10-08803494E658}"
EndProject
Project("{FAE04EC0-301F-11D3-BF4B-00C04F79EFBC}") = "MVVMSample003", "MVVMSample003\MVVMSample003.csproj", "{0619B813-AD8C-466B-B261-3B08FCFFCC1D}"
EndProject
Project("{FAE04EC0-301F-11D3-BF4B-00C04F79EFBC}") = "MVVMSample004", "MVVMSample004\MVVMSample004.csproj", "{BB761EC8-9961-46FF-8C75-D30E98F8A471}"
EndProject
Project("{FAE04EC0-301F-11D3-BF4B-00C04F79EFBC}") = "MVVMSample005", "MVVMSample005\MVVMSample005.csproj", "{337A420E-04A8-44D3-AD98-DB754AEB5C2E}"
EndProject
Project("{FAE04EC0-301F-11D3-BF4B-00C04F79EFBC}") = "MVVMSample006", "MVVMSample006\MVVMSample006.csproj", "{6D38431A-5024-481E-9000-F68BF6DD6DD0}"
EndProject
Project("{FAE04EC0-301F-11D3-BF4B-00C04F79EFBC}") = "MVVMSample007", "MVVMSample007\MVVMSample007.csproj", "{866390E1-D013-41F5-BE1E-B9273B0F3C1F}"
EndProject
Project("{FAE04EC0-301F-11D3-BF4B-00C04F79EFBC}") = "MVVMSample008", "MVVMSample008\MVVMSample008.csproj", "{629EB06F-F222-4917-A36E-D018258D80B7}"
EndProject
Project("{FAE04EC0-301F-11D3-BF4B-00C04F79EFBC}") = "MVVMSample009", "MVVMSample009\MVVMSample009.csproj", "{DB5C16DA-E5B0-45A9-9D4F-8C9CD018F13C}"
EndProject
Project("{FAE04EC0-301F-11D3-BF4B-00C04F79EFBC}") = "MVVMSample010", "MVVMSample010\MVVMSample010.csproj", "{2492C836-A626-4664-B3D6-D3821A009E5D}"
EndProject
Project("{FAE04EC0-301F-11D3-BF4B-00C04F79EFBC}") = "MVVMSample011", "MVVMSample011\MVVMSample011.csproj", "{439DFCCF-7705-40E0-9EDE-848152311945}"
EndProject
Global
	GlobalSection(SolutionConfigurationPlatforms) = preSolution
		Debug|Any CPU = Debug|Any CPU
		Release|Any CPU = Release|Any CPU
	EndGlobalSection
	GlobalSection(ProjectConfigurationPlatforms) = postSolution
		{6E759D0D-073E-4387-A480-C3274992C4C7}.Debug|Any CPU.ActiveCfg = Debug|Any CPU
		{6E759D0D-073E-4387-A480-C3274992C4C7}.Debug|Any CPU.Build.0 = Debug|Any CPU
		{6E759D0D-073E-4387-A480-C3274992C4C7}.Release|Any CPU.ActiveCfg = Release|Any CPU
		{6E759D0D-073E-4387-A480-C3274992C4C7}.Release|Any CPU.Build.0 = Release|Any CPU
		{F10B0755-6FC3-4211-96B9-328BE14B75A9}.Debug|Any CPU.ActiveCfg = Debug|Any CPU
		{F10B0755-6FC3-4211-96B9-328BE14B75A9}.Debug|Any CPU.Build.0 = Debug|Any CPU
		{F10B0755-6FC3-4211-96B9-328BE14B75A9}.Release|Any CPU.ActiveCfg = Release|Any CPU
		{F10B0755-6FC3-4211-96B9-328BE14B75A9}.Release|Any CPU.Build.0 = Release|Any CPU
		{99072D12-17E0-4400-89B1-7B9DECDAEC6C}.Debug|Any CPU.ActiveCfg = Debug|Any CPU
		{99072D12-17E0-4400-89B1-7B9DECDAEC6C}.Debug|Any CPU.Build.0 = Debug|Any CPU
		{99072D12-17E0-4400-89B1-7B9DECDAEC6C}.Release|Any CPU.ActiveCfg = Release|Any CPU
		{99072D12-17E0-4400-89B1-7B9DECDAEC6C}.Release|Any CPU.Build.0 = Release|Any CPU
		{753B8B0F-C92E-4137-AC72-F0BCB80E78FE}.Debug|Any CPU.ActiveCfg = Debug|Any CPU
		{753B8B0F-C92E-4137-AC72-F0BCB80E78FE}.Debug|Any CPU.Build.0 = Debug|Any CPU
		{753B8B0F-C92E-4137-AC72-F0BCB80E78FE}.Release|Any CPU.ActiveCfg = Release|Any CPU
		{753B8B0F-C92E-4137-AC72-F0BCB80E78FE}.Release|Any CPU.Build.0 = Release|Any CPU
		{CD9CEC3F-FA6A-4763-BA9A-DAE159D77517}.Debug|Any CPU.ActiveCfg = Debug|Any CPU
		{CD9CEC3F-FA6A-4763-BA9A-DAE159D77517}.Debug|Any CPU.Build.0 = Debug|Any CPU
		{CD9CEC3F-FA6A-4763-BA9A-DAE159D77517}.Release|Any CPU.ActiveCfg = Release|Any CPU
		{CD9CEC3F-FA6A-4763-BA9A-DAE159D77517}.Release|Any CPU.Build.0 = Release|Any CPU
		{A8BCCAFF-FE3B-4479-8C10-08803494E658}.Debug|Any CPU.ActiveCfg = Debug|Any CPU
		{A8BCCAFF-FE3B-4479-8C10-08803494E658}.Debug|Any CPU.Build.0 = Debug|Any CPU
		{A8BCCAFF-FE3B-4479-8C10-08803494E658}.Release|Any CPU.ActiveCfg = Release|Any CPU
		{A8BCCAFF-FE3B-4479-8C10-08803494E658}.Release|Any CPU.Build.0 = Release|Any CPU
		{0619B813-AD8C-466B-B261-3B08FCFFCC1D}.Debug|Any CPU.ActiveCfg = Debug|Any CPU
		{0619B813-AD8C-466B-B261-3B08FCFFCC1D}.Debug|Any CPU.Build.0 = Debug|Any CPU
		{0619B813-AD8C-466B-B261-3B08FCFFCC1D}.Release|Any CPU.ActiveCfg = Release|Any CPU
		{0619B813-AD8C-466B-B261-3B08FCFFCC1D}.Release|Any CPU.Build.0 = Release|Any CPU
		{BB761EC8-9961-46FF-8C75-D30E98F8A471}.Debug|Any CPU.ActiveCfg = Debug|Any CPU
		{BB761EC8-9961-46FF-8C75-D30E98F8A471}.Debug|Any CPU.Build.0 = Debug|Any CPU
		{BB761EC8-9961-46FF-8C75-D30E98F8A471}.Release|Any CPU.ActiveCfg = Release|Any CPU
		{BB761EC8-9961-46FF-8C75-D30E98F8A471}.Release|Any CPU.Build.0 = Release|Any CPU
		{337A420E-04A8-44D3-AD98-DB754AEB5C2E}.Debug|Any CPU.ActiveCfg = Debug|Any CPU
		{337A420E-04A8-44D3-AD98-DB754AEB5C2E}.Debug|Any CPU.Build.0 = Debug|Any CPU
		{337A420E-04A8-44D3-AD98-DB754AEB5C2E}.Release|Any CPU.ActiveCfg = Release|Any CPU
		{337A420E-04A8-44D3-AD98-DB754AEB5C2E}.Release|Any CPU.Build.0 = Release|Any CPU
		{6D38431A-5024-481E-9000-F68BF6DD6DD0}.Debug|Any CPU.ActiveCfg = Debug|Any CPU
		{6D38431A-5024-481E-9000-F68BF6DD6DD0}.Debug|Any CPU.Build.0 = Debug|Any CPU
		{6D38431A-5024-481E-9000-F68BF6DD6DD0}.Release|Any CPU.ActiveCfg = Release|Any CPU
		{6D38431A-5024-481E-9000-F68BF6DD6DD0}.Release|Any CPU.Build.0 = Release|Any CPU
		{866390E1-D013-41F5-BE1E-B9273B0F3C1F}.Debug|Any CPU.ActiveCfg = Debug|Any CPU
		{866390E1-D013-41F5-BE1E-B9273B0F3C1F}.Debug|Any CPU.Build.0 = Debug|Any CPU
		{866390E1-D013-41F5-BE1E-B9273B0F3C1F}.Release|Any CPU.ActiveCfg = Release|Any CPU
		{866390E1-D013-41F5-BE1E-B9273B0F3C1F}.Release|Any CPU.Build.0 = Release|Any CPU
		{629EB06F-F222-4917-A36E-D018258D80B7}.Debug|Any CPU.ActiveCfg = Debug|Any CPU
		{629EB06F-F222-4917-A36E-D018258D80B7}.Debug|Any CPU.Build.0 = Debug|Any CPU
		{629EB06F-F222-4917-A36E-D018258D80B7}.Release|Any CPU.ActiveCfg = Release|Any CPU
		{629EB06F-F222-4917-A36E-D018258D80B7}.Release|Any CPU.Build.0 = Release|Any CPU
		{DB5C16DA-E5B0-45A9-9D4F-8C9CD018F13C}.Debug|Any CPU.ActiveCfg = Debug|Any CPU
		{DB5C16DA-E5B0-45A9-9D4F-8C9CD018F13C}.Debug|Any CPU.Build.0 = Debug|Any CPU
		{DB5C16DA-E5B0-45A9-9D4F-8C9CD018F13C}.Release|Any CPU.ActiveCfg = Release|Any CPU
		{DB5C16DA-E5B0-45A9-9D4F-8C9CD018F13C}.Release|Any CPU.Build.0 = Release|Any CPU
		{2492C836-A626-4664-B3D6-D3821A009E5D}.Debug|Any CPU.ActiveCfg = Debug|Any CPU
		{2492C836-A626-4664-B3D6-D3821A009E5D}.Debug|Any CPU.Build.0 = Debug|Any CPU
		{2492C836-A626-4664-B3D6-D3821A009E5D}.Release|Any CPU.ActiveCfg = Release|Any CPU
		{2492C836-A626-4664-B3D6-D3821A009E5D}.Release|Any CPU.Build.0 = Release|Any CPU
		{439DFCCF-7705-40E0-9EDE-848152311945}.Debug|Any CPU.ActiveCfg = Debug|Any CPU
		{439DFCCF-7705-40E0-9EDE-848152311945}.Debug|Any CPU.Build.0 = Debug|Any CPU
		{439DFCCF-7705-40E0-9EDE-848152311945}.Release|Any CPU.ActiveCfg = Release|Any CPU
		{439DFCCF-7705-40E0-9EDE-848152311945}.Release|Any CPU.Build.0 = Release|Any CPU
	EndGlobalSection
	GlobalSection(SolutionProperties) = preSolution
		HideSolutionNode = FALSE
	EndGlobalSection
	GlobalSection(ExtensibilityGlobals) = postSolution
		SolutionGuid = {43F8C4DB-F96B-423A-960F-900ADEE4BF40}
	EndGlobalSection
EndGlobal
